
Microsoft Visual Studio Solution File, Format Version 12.00
# Visual Studio Version 16
VisualStudioVersion = 16.0.32802.440
MinimumVisualStudioVersion = 10.0.40219.1
Project("{FAE04EC0-301F-11D3-BF4B-00C04F79EFBC}") = "ruaplv1", "ruaplv1\ruaplv1.csproj", "{E9053F9D-0572-4236-B6CB-16299930E567}"
EndProject
Global
	GlobalSection(SolutionConfigurationPlatforms) = preSolution
		Debug|Any CPU = Debug|Any CPU
		Release|Any CPU = Release|Any CPU
	EndGlobalSection
	GlobalSection(ProjectConfigurationPlatforms) = postSolution
		{E9053F9D-0572-4236-B6CB-16299930E567}.Debug|Any CPU.ActiveCfg = Debug|Any CPU
		{E9053F9D-0572-4236-B6CB-16299930E567}.Debug|Any CPU.Build.0 = Debug|Any CPU
		{E9053F9D-0572-4236-B6CB-16299930E567}.Release|Any CPU.ActiveCfg = Release|Any CPU
		{E9053F9D-0572-4236-B6CB-16299930E567}.Release|Any CPU.Build.0 = Release|Any CPU
	EndGlobalSection
	GlobalSection(SolutionProperties) = preSolution
		HideSolutionNode = FALSE
	EndGlobalSection
	GlobalSection(ExtensibilityGlobals) = postSolution
		SolutionGuid = {4006D0E0-1FF9-4E85-9ED4-638B1B112A00}
	EndGlobalSection
EndGlobal
